
Microsoft Visual Studio Solution File, Format Version 12.00
# Visual Studio Version 17
VisualStudioVersion = 17.12.35527.113
MinimumVisualStudioVersion = 10.0.40219.1
Project("{FAE04EC0-301F-11D3-BF4B-00C04F79EFBC}") = "DesafioPOO1", "DesafioPOO1.csproj", "{FFC7F231-747C-4007-A66A-42D1C3E1F808}"
EndProject
Project("{FAE04EC0-301F-11D3-BF4B-00C04F79EFBC}") = "DesafioPOO2", "..\DesafioPOO2\DesafioPOO2.csproj", "{DF76A58F-5CD1-48E0-8D68-00132C48DF65}"
EndProject
Project("{FAE04EC0-301F-11D3-BF4B-00C04F79EFBC}") = "DesafioPOO3", "..\DesafioPOO3\DesafioPOO3.csproj", "{69374997-870C-49F7-ACCF-3B9FE6E63483}"
EndProject
Project("{FAE04EC0-301F-11D3-BF4B-00C04F79EFBC}") = "DesafioPOO4.Tests", "..\DesafioPOO4.Tests\DesafioPOO4.Tests.csproj", "{06D63A57-1461-42CF-A4A5-3D5AAAEBA54F}"
	ProjectSection(ProjectDependencies) = postProject
		{A1C96EA6-F67A-4863-BE56-49015EF7FB64} = {A1C96EA6-F67A-4863-BE56-49015EF7FB64}
	EndProjectSection
EndProject
Project("{FAE04EC0-301F-11D3-BF4B-00C04F79EFBC}") = "DesafioPOO4", "..\DesafioPOO4\DesafioPOO4.csproj", "{A1C96EA6-F67A-4863-BE56-49015EF7FB64}"
EndProject
Global
	GlobalSection(SolutionConfigurationPlatforms) = preSolution
		Debug|Any CPU = Debug|Any CPU
		Release|Any CPU = Release|Any CPU
	EndGlobalSection
	GlobalSection(ProjectConfigurationPlatforms) = postSolution
		{FFC7F231-747C-4007-A66A-42D1C3E1F808}.Debug|Any CPU.ActiveCfg = Debug|Any CPU
		{FFC7F231-747C-4007-A66A-42D1C3E1F808}.Debug|Any CPU.Build.0 = Debug|Any CPU
		{FFC7F231-747C-4007-A66A-42D1C3E1F808}.Release|Any CPU.ActiveCfg = Release|Any CPU
		{FFC7F231-747C-4007-A66A-42D1C3E1F808}.Release|Any CPU.Build.0 = Release|Any CPU
		{DF76A58F-5CD1-48E0-8D68-00132C48DF65}.Debug|Any CPU.ActiveCfg = Debug|Any CPU
		{DF76A58F-5CD1-48E0-8D68-00132C48DF65}.Debug|Any CPU.Build.0 = Debug|Any CPU
		{DF76A58F-5CD1-48E0-8D68-00132C48DF65}.Release|Any CPU.ActiveCfg = Release|Any CPU
		{DF76A58F-5CD1-48E0-8D68-00132C48DF65}.Release|Any CPU.Build.0 = Release|Any CPU
		{69374997-870C-49F7-ACCF-3B9FE6E63483}.Debug|Any CPU.ActiveCfg = Debug|Any CPU
		{69374997-870C-49F7-ACCF-3B9FE6E63483}.Debug|Any CPU.Build.0 = Debug|Any CPU
		{69374997-870C-49F7-ACCF-3B9FE6E63483}.Release|Any CPU.ActiveCfg = Release|Any CPU
		{69374997-870C-49F7-ACCF-3B9FE6E63483}.Release|Any CPU.Build.0 = Release|Any CPU
		{06D63A57-1461-42CF-A4A5-3D5AAAEBA54F}.Debug|Any CPU.ActiveCfg = Debug|Any CPU
		{06D63A57-1461-42CF-A4A5-3D5AAAEBA54F}.Debug|Any CPU.Build.0 = Debug|Any CPU
		{06D63A57-1461-42CF-A4A5-3D5AAAEBA54F}.Release|Any CPU.ActiveCfg = Release|Any CPU
		{06D63A57-1461-42CF-A4A5-3D5AAAEBA54F}.Release|Any CPU.Build.0 = Release|Any CPU
		{A1C96EA6-F67A-4863-BE56-49015EF7FB64}.Debug|Any CPU.ActiveCfg = Debug|Any CPU
		{A1C96EA6-F67A-4863-BE56-49015EF7FB64}.Debug|Any CPU.Build.0 = Debug|Any CPU
		{A1C96EA6-F67A-4863-BE56-49015EF7FB64}.Release|Any CPU.ActiveCfg = Release|Any CPU
		{A1C96EA6-F67A-4863-BE56-49015EF7FB64}.Release|Any CPU.Build.0 = Release|Any CPU
	EndGlobalSection
	GlobalSection(SolutionProperties) = preSolution
		HideSolutionNode = FALSE
	EndGlobalSection
EndGlobal
